
Microsoft Visual Studio Solution File, Format Version 12.00
# Visual Studio Version 16
VisualStudioVersion = 16.0.30621.155
MinimumVisualStudioVersion = 10.0.40219.1
Project("{9A19103F-16F7-4668-BE54-9A1E7A4F7556}") = "DistributedCacheLinkage", "DistributedCacheLinkage\DistributedCacheLinkage.csproj", "{B7E6F6EF-B2FA-47B0-A964-CBC18286F9DC}"
EndProject
Project("{9A19103F-16F7-4668-BE54-9A1E7A4F7556}") = "SampleWeb", "SampleWeb\SampleWeb.csproj", "{3C2A3246-0C3A-48BC-BBB7-C498C9659AE3}"
EndProject
Global
	GlobalSection(SolutionConfigurationPlatforms) = preSolution
		Debug|Any CPU = Debug|Any CPU
		Release|Any CPU = Release|Any CPU
	EndGlobalSection
	GlobalSection(ProjectConfigurationPlatforms) = postSolution
		{B7E6F6EF-B2FA-47B0-A964-CBC18286F9DC}.Debug|Any CPU.ActiveCfg = Debug|Any CPU
		{B7E6F6EF-B2FA-47B0-A964-CBC18286F9DC}.Debug|Any CPU.Build.0 = Debug|Any CPU
		{B7E6F6EF-B2FA-47B0-A964-CBC18286F9DC}.Release|Any CPU.ActiveCfg = Release|Any CPU
		{B7E6F6EF-B2FA-47B0-A964-CBC18286F9DC}.Release|Any CPU.Build.0 = Release|Any CPU
		{3C2A3246-0C3A-48BC-BBB7-C498C9659AE3}.Debug|Any CPU.ActiveCfg = Debug|Any CPU
		{3C2A3246-0C3A-48BC-BBB7-C498C9659AE3}.Debug|Any CPU.Build.0 = Debug|Any CPU
		{3C2A3246-0C3A-48BC-BBB7-C498C9659AE3}.Release|Any CPU.ActiveCfg = Debug|Any CPU
		{3C2A3246-0C3A-48BC-BBB7-C498C9659AE3}.Release|Any CPU.Build.0 = Debug|Any CPU
	EndGlobalSection
	GlobalSection(SolutionProperties) = preSolution
		HideSolutionNode = FALSE
	EndGlobalSection
	GlobalSection(ExtensibilityGlobals) = postSolution
		SolutionGuid = {69481AA6-23D1-4211-8594-F8A47C2A9678}
	EndGlobalSection
EndGlobal
